
Microsoft Visual Studio Solution File, Format Version 12.00
# Visual Studio 15
VisualStudioVersion = 15.0.28010.2046
MinimumVisualStudioVersion = 10.0.40219.1
Project("{FAE04EC0-301F-11D3-BF4B-00C04F79EFBC}") = "integration", "integration\integration.csproj", "{7E7D8E3B-9EBA-4D96-B15A-9024BB4DD4F4}"
EndProject
Global
	GlobalSection(SolutionConfigurationPlatforms) = preSolution
		Debug|Any CPU = Debug|Any CPU
		Release|Any CPU = Release|Any CPU
	EndGlobalSection
	GlobalSection(ProjectConfigurationPlatforms) = postSolution
		{7E7D8E3B-9EBA-4D96-B15A-9024BB4DD4F4}.Debug|Any CPU.ActiveCfg = Debug|Any CPU
		{7E7D8E3B-9EBA-4D96-B15A-9024BB4DD4F4}.Debug|Any CPU.Build.0 = Debug|Any CPU
		{7E7D8E3B-9EBA-4D96-B15A-9024BB4DD4F4}.Release|Any CPU.ActiveCfg = Release|Any CPU
		{7E7D8E3B-9EBA-4D96-B15A-9024BB4DD4F4}.Release|Any CPU.Build.0 = Release|Any CPU
	EndGlobalSection
	GlobalSection(SolutionProperties) = preSolution
		HideSolutionNode = FALSE
	EndGlobalSection
	GlobalSection(ExtensibilityGlobals) = postSolution
		SolutionGuid = {C4B10160-768E-4EF7-9230-17012515901F}
	EndGlobalSection
EndGlobal
