
Microsoft Visual Studio Solution File, Format Version 12.00
# Visual Studio 15
VisualStudioVersion = 15.0.28010.2046
MinimumVisualStudioVersion = 10.0.40219.1
Project("{9A19103F-16F7-4668-BE54-9A1E7A4F7556}") = "provider", "provider\provider.csproj", "{35F55F39-0123-4A2F-8556-DE1F7BEB5D22}"
EndProject
Project("{9A19103F-16F7-4668-BE54-9A1E7A4F7556}") = "consumer", "consumer\consumer.csproj", "{C34FD586-C451-4473-9927-98644EC47DA7}"
EndProject
Global
	GlobalSection(SolutionConfigurationPlatforms) = preSolution
		Debug|Any CPU = Debug|Any CPU
		Release|Any CPU = Release|Any CPU
	EndGlobalSection
	GlobalSection(ProjectConfigurationPlatforms) = postSolution
		{35F55F39-0123-4A2F-8556-DE1F7BEB5D22}.Debug|Any CPU.ActiveCfg = Debug|Any CPU
		{35F55F39-0123-4A2F-8556-DE1F7BEB5D22}.Debug|Any CPU.Build.0 = Debug|Any CPU
		{35F55F39-0123-4A2F-8556-DE1F7BEB5D22}.Release|Any CPU.ActiveCfg = Release|Any CPU
		{35F55F39-0123-4A2F-8556-DE1F7BEB5D22}.Release|Any CPU.Build.0 = Release|Any CPU
		{C34FD586-C451-4473-9927-98644EC47DA7}.Debug|Any CPU.ActiveCfg = Debug|Any CPU
		{C34FD586-C451-4473-9927-98644EC47DA7}.Debug|Any CPU.Build.0 = Debug|Any CPU
		{C34FD586-C451-4473-9927-98644EC47DA7}.Release|Any CPU.ActiveCfg = Release|Any CPU
		{C34FD586-C451-4473-9927-98644EC47DA7}.Release|Any CPU.Build.0 = Release|Any CPU
	EndGlobalSection
	GlobalSection(SolutionProperties) = preSolution
		HideSolutionNode = FALSE
	EndGlobalSection
	GlobalSection(ExtensibilityGlobals) = postSolution
		SolutionGuid = {839B140F-B451-4135-9AFD-2BD2DD786712}
	EndGlobalSection
EndGlobal
